
Microsoft Visual Studio Solution File, Format Version 12.00
# Visual Studio Version 16
VisualStudioVersion = 16.0.31129.286
MinimumVisualStudioVersion = 10.0.40219.1
Project("{FAE04EC0-301F-11D3-BF4B-00C04F79EFBC}") = "GenderSiteTests", "ClassLibrary1\GenderSiteTests.csproj", "{6613779D-E9A7-4BD2-91D3-8D1B466D1623}"
EndProject
Global
	GlobalSection(SolutionConfigurationPlatforms) = preSolution
		Debug|Any CPU = Debug|Any CPU
		Release|Any CPU = Release|Any CPU
	EndGlobalSection
	GlobalSection(ProjectConfigurationPlatforms) = postSolution
		{6613779D-E9A7-4BD2-91D3-8D1B466D1623}.Debug|Any CPU.ActiveCfg = Debug|Any CPU
		{6613779D-E9A7-4BD2-91D3-8D1B466D1623}.Debug|Any CPU.Build.0 = Debug|Any CPU
		{6613779D-E9A7-4BD2-91D3-8D1B466D1623}.Release|Any CPU.ActiveCfg = Release|Any CPU
		{6613779D-E9A7-4BD2-91D3-8D1B466D1623}.Release|Any CPU.Build.0 = Release|Any CPU
	EndGlobalSection
	GlobalSection(SolutionProperties) = preSolution
		HideSolutionNode = FALSE
	EndGlobalSection
	GlobalSection(ExtensibilityGlobals) = postSolution
		SolutionGuid = {81A81638-0D04-433D-B4C9-0385699D3F5A}
	EndGlobalSection
EndGlobal
